// !$*UTF8*$!
{
	archiveVersion = 1;
	classes = {
	};
	objectVersion = 56;
	objects = {

/* Begin PBXBuildFile section */
		CE83434E2A77FEE900A9E310 /* LuxOttica_startApp.swift in Sources */ = {isa = PBXBuildFile; fileRef = CE83434D2A77FEE900A9E310 /* LuxOttica_startApp.swift */; };
		CE8343502A77FEE900A9E310 /* ContentView.swift in Sources */ = {isa = PBXBuildFile; fileRef = CE83434F2A77FEE900A9E310 /* ContentView.swift */; };
		CE8343522A77FEEF00A9E310 /* Assets.xcassets in Resources */ = {isa = PBXBuildFile; fileRef = CE8343512A77FEEF00A9E310 /* Assets.xcassets */; };
		CE8343562A77FEEF00A9E310 /* Preview Assets.xcassets in Resources */ = {isa = PBXBuildFile; fileRef = CE8343552A77FEEF00A9E310 /* Preview Assets.xcassets */; };
		CE8343602A77FEF000A9E310 /* LuxOttica_startTests.swift in Sources */ = {isa = PBXBuildFile; fileRef = CE83435F2A77FEF000A9E310 /* LuxOttica_startTests.swift */; };
		CE83436A2A77FEF000A9E310 /* LuxOttica_startUITests.swift in Sources */ = {isa = PBXBuildFile; fileRef = CE8343692A77FEF000A9E310 /* LuxOttica_startUITests.swift */; };
		CE83436C2A77FEF000A9E310 /* LuxOttica_startUITestsLaunchTests.swift in Sources */ = {isa = PBXBuildFile; fileRef = CE83436B2A77FEF000A9E310 /* LuxOttica_startUITestsLaunchTests.swift */; };
/* End PBXBuildFile section */

/* Begin PBXContainerItemProxy section */
		CE83435C2A77FEF000A9E310 /* PBXContainerItemProxy */ = {
			isa = PBXContainerItemProxy;
			containerPortal = CE8343422A77FEE900A9E310 /* Project object */;
			proxyType = 1;
			remoteGlobalIDString = CE8343492A77FEE900A9E310;
			remoteInfo = LuxOttica_start;
		};
		CE8343662A77FEF000A9E310 /* PBXContainerItemProxy */ = {
			isa = PBXContainerItemProxy;
			containerPortal = CE8343422A77FEE900A9E310 /* Project object */;
			proxyType = 1;
			remoteGlobalIDString = CE8343492A77FEE900A9E310;
			remoteInfo = LuxOttica_start;
		};
/* End PBXContainerItemProxy section */

/* Begin PBXFileReference section */
		CE83434A2A77FEE900A9E310 /* LuxOttica_start.app */ = {isa = PBXFileReference; explicitFileType = wrapper.application; includeInIndex = 0; path = LuxOttica_start.app; sourceTree = BUILT_PRODUCTS_DIR; };
		CE83434D2A77FEE900A9E310 /* LuxOttica_startApp.swift */ = {isa = PBXFileReference; lastKnownFileType = sourcecode.swift; path = LuxOttica_startApp.swift; sourceTree = "<group>"; };
		CE83434F2A77FEE900A9E310 /* ContentView.swift */ = {isa = PBXFileReference; lastKnownFileType = sourcecode.swift; path = ContentView.swift; sourceTree = "<group>"; };
		CE8343512A77FEEF00A9E310 /* Assets.xcassets */ = {isa = PBXFileReference; lastKnownFileType = folder.assetcatalog; path = Assets.xcassets; sourceTree = "<group>"; };
		CE8343532A77FEEF00A9E310 /* LuxOttica_start.entitlements */ = {isa = PBXFileReference; lastKnownFileType = text.plist.entitlements; path = LuxOttica_start.entitlements; sourceTree = "<group>"; };
		CE8343552A77FEEF00A9E310 /* Preview Assets.xcassets */ = {isa = PBXFileReference; lastKnownFileType = folder.assetcatalog; path = "Preview Assets.xcassets"; sourceTree = "<group>"; };
		CE83435B2A77FEF000A9E310 /* LuxOttica_startTests.xctest */ = {isa = PBXFileReference; explicitFileType = wrapper.cfbundle; includeInIndex = 0; path = LuxOttica_startTests.xctest; sourceTree = BUILT_PRODUCTS_DIR; };
		CE83435F2A77FEF000A9E310 /* LuxOttica_startTests.swift */ = {isa = PBXFileReference; lastKnownFileType = sourcecode.swift; path = LuxOttica_startTests.swift; sourceTree = "<group>"; };
		CE8343652A77FEF000A9E310 /* LuxOttica_startUITests.xctest */ = {isa = PBXFileReference; explicitFileType = wrapper.cfbundle; includeInIndex = 0; path = LuxOttica_startUITests.xctest; sourceTree = BUILT_PRODUCTS_DIR; };
		CE8343692A77FEF000A9E310 /* LuxOttica_startUITests.swift */ = {isa = PBXFileReference; lastKnownFileType = sourcecode.swift; path = LuxOttica_startUITests.swift; sourceTree = "<group>"; };
		CE83436B2A77FEF000A9E310 /* LuxOttica_startUITestsLaunchTests.swift */ = {isa = PBXFileReference; lastKnownFileType = sourcecode.swift; path = LuxOttica_startUITestsLaunchTests.swift; sourceTree = "<group>"; };
/* End PBXFileReference section */

/* Begin PBXFrameworksBuildPhase section */
		CE8343472A77FEE900A9E310 /* Frameworks */ = {
			isa = PBXFrameworksBuildPhase;
			buildActionMask = 2147483647;
			files = (
			);
			runOnlyForDeploymentPostprocessing = 0;
		};
		CE8343582A77FEF000A9E310 /* Frameworks */ = {
			isa = PBXFrameworksBuildPhase;
			buildActionMask = 2147483647;
			files = (
			);
			runOnlyForDeploymentPostprocessing = 0;
		};
		CE8343622A77FEF000A9E310 /* Frameworks */ = {
			isa = PBXFrameworksBuildPhase;
			buildActionMask = 2147483647;
			files = (
			);
			runOnlyForDeploymentPostprocessing = 0;
		};
/* End PBXFrameworksBuildPhase section */

/* Begin PBXGroup section */
		CE8343412A77FEE900A9E310 = {
			isa = PBXGroup;
			children = (
				CE83434C2A77FEE900A9E310 /* LuxOttica_start */,
				CE83435E2A77FEF000A9E310 /* LuxOttica_startTests */,
				CE8343682A77FEF000A9E310 /* LuxOttica_startUITests */,
				CE83434B2A77FEE900A9E310 /* Products */,
			);
			sourceTree = "<group>";
		};
		CE83434B2A77FEE900A9E310 /* Products */ = {
			isa = PBXGroup;
			children = (
				CE83434A2A77FEE900A9E310 /* LuxOttica_start.app */,
				CE83435B2A77FEF000A9E310 /* LuxOttica_startTests.xctest */,
				CE8343652A77FEF000A9E310 /* LuxOttica_startUITests.xctest */,
			);
			name = Products;
			sourceTree = "<group>";
		};
		CE83434C2A77FEE900A9E310 /* LuxOttica_start */ = {
			isa = PBXGroup;
			children = (
				CE83434D2A77FEE900A9E310 /* LuxOttica_startApp.swift */,
				CE83434F2A77FEE900A9E310 /* ContentView.swift */,
				CE8343512A77FEEF00A9E310 /* Assets.xcassets */,
				CE8343532A77FEEF00A9E310 /* LuxOttica_start.entitlements */,
				CE8343542A77FEEF00A9E310 /* Preview Content */,
			);
			path = LuxOttica_start;
			sourceTree = "<group>";
		};
		CE8343542A77FEEF00A9E310 /* Preview Content */ = {
			isa = PBXGroup;
			children = (
				CE8343552A77FEEF00A9E310 /* Preview Assets.xcassets */,
			);
			path = "Preview Content";
			sourceTree = "<group>";
		};
		CE83435E2A77FEF000A9E310 /* LuxOttica_startTests */ = {
			isa = PBXGroup;
			children = (
				CE83435F2A77FEF000A9E310 /* LuxOttica_startTests.swift */,
			);
			path = LuxOttica_startTests;
			sourceTree = "<group>";
		};
		CE8343682A77FEF000A9E310 /* LuxOttica_startUITests */ = {
			isa = PBXGroup;
			children = (
				CE8343692A77FEF000A9E310 /* LuxOttica_startUITests.swift */,
				CE83436B2A77FEF000A9E310 /* LuxOttica_startUITestsLaunchTests.swift */,
			);
			path = LuxOttica_startUITests;
			sourceTree = "<group>";
		};
/* End PBXGroup section */

/* Begin PBXNativeTarget section */
		CE8343492A77FEE900A9E310 /* LuxOttica_start */ = {
			isa = PBXNativeTarget;
			buildConfigurationList = CE83436F2A77FEF000A9E310 /* Build configuration list for PBXNativeTarget "LuxOttica_start" */;
			buildPhases = (
				CE8343462A77FEE900A9E310 /* Sources */,
				CE8343472A77FEE900A9E310 /* Frameworks */,
				CE8343482A77FEE900A9E310 /* Resources */,
			);
			buildRules = (
			);
			dependencies = (
			);
			name = LuxOttica_start;
			productName = LuxOttica_start;
			productReference = CE83434A2A77FEE900A9E310 /* LuxOttica_start.app */;
			productType = "com.apple.product-type.application";
		};
		CE83435A2A77FEF000A9E310 /* LuxOttica_startTests */ = {
			isa = PBXNativeTarget;
			buildConfigurationList = CE8343722A77FEF000A9E310 /* Build configuration list for PBXNativeTarget "LuxOttica_startTests" */;
			buildPhases = (
				CE8343572A77FEF000A9E310 /* Sources */,
				CE8343582A77FEF000A9E310 /* Frameworks */,
				CE8343592A77FEF000A9E310 /* Resources */,
			);
			buildRules = (
			);
			dependencies = (
				CE83435D2A77FEF000A9E310 /* PBXTargetDependency */,
			);
			name = LuxOttica_startTests;
			productName = LuxOttica_startTests;
			productReference = CE83435B2A77FEF000A9E310 /* LuxOttica_startTests.xctest */;
			productType = "com.apple.product-type.bundle.unit-test";
		};
		CE8343642A77FEF000A9E310 /* LuxOttica_startUITests */ = {
			isa = PBXNativeTarget;
			buildConfigurationList = CE8343752A77FEF000A9E310 /* Build configuration list for PBXNativeTarget "LuxOttica_startUITests" */;
			buildPhases = (
				CE8343612A77FEF000A9E310 /* Sources */,
				CE8343622A77FEF000A9E310 /* Frameworks */,
				CE8343632A77FEF000A9E310 /* Resources */,
			);
			buildRules = (
			);
			dependencies = (
				CE8343672A77FEF000A9E310 /* PBXTargetDependency */,
			);
			name = LuxOttica_startUITests;
			productName = LuxOttica_startUITests;
			productReference = CE8343652A77FEF000A9E310 /* LuxOttica_startUITests.xctest */;
			productType = "com.apple.product-type.bundle.ui-testing";
		};
/* End PBXNativeTarget section */

/* Begin PBXProject section */
		CE8343422A77FEE900A9E310 /* Project object */ = {
			isa = PBXProject;
			attributes = {
				BuildIndependentTargetsInParallel = 1;
				LastSwiftUpdateCheck = 1430;
				LastUpgradeCheck = 1430;
				TargetAttributes = {
					CE8343492A77FEE900A9E310 = {
						CreatedOnToolsVersion = 14.3.1;
					};
					CE83435A2A77FEF000A9E310 = {
						CreatedOnToolsVersion = 14.3.1;
						TestTargetID = CE8343492A77FEE900A9E310;
					};
					CE8343642A77FEF000A9E310 = {
						CreatedOnToolsVersion = 14.3.1;
						TestTargetID = CE8343492A77FEE900A9E310;
					};
				};
			};
			buildConfigurationList = CE8343452A77FEE900A9E310 /* Build configuration list for PBXProject "LuxOttica_start" */;
			compatibilityVersion = "Xcode 14.0";
			developmentRegion = en;
			hasScannedForEncodings = 0;
			knownRegions = (
				en,
				Base,
			);
			mainGroup = CE8343412A77FEE900A9E310;
			productRefGroup = CE83434B2A77FEE900A9E310 /* Products */;
			projectDirPath = "";
			projectRoot = "";
			targets = (
				CE8343492A77FEE900A9E310 /* LuxOttica_start */,
				CE83435A2A77FEF000A9E310 /* LuxOttica_startTests */,
				CE8343642A77FEF000A9E310 /* LuxOttica_startUITests */,
			);
		};
/* End PBXProject section */

/* Begin PBXResourcesBuildPhase section */
		CE8343482A77FEE900A9E310 /* Resources */ = {
			isa = PBXResourcesBuildPhase;
			buildActionMask = 2147483647;
			files = (
				CE8343562A77FEEF00A9E310 /* Preview Assets.xcassets in Resources */,
				CE8343522A77FEEF00A9E310 /* Assets.xcassets in Resources */,
			);
			runOnlyForDeploymentPostprocessing = 0;
		};
		CE8343592A77FEF000A9E310 /* Resources */ = {
			isa = PBXResourcesBuildPhase;
			buildActionMask = 2147483647;
			files = (
			);
			runOnlyForDeploymentPostprocessing = 0;
		};
		CE8343632A77FEF000A9E310 /* Resources */ = {
			isa = PBXResourcesBuildPhase;
			buildActionMask = 2147483647;
			files = (
			);
			runOnlyForDeploymentPostprocessing = 0;
		};
/* End PBXResourcesBuildPhase section */

/* Begin PBXSourcesBuildPhase section */
		CE8343462A77FEE900A9E310 /* Sources */ = {
			isa = PBXSourcesBuildPhase;
			buildActionMask = 2147483647;
			files = (
				CE8343502A77FEE900A9E310 /* ContentView.swift in Sources */,
				CE83434E2A77FEE900A9E310 /* LuxOttica_startApp.swift in Sources */,
			);
			runOnlyForDeploymentPostprocessing = 0;
		};
		CE8343572A77FEF000A9E310 /* Sources */ = {
			isa = PBXSourcesBuildPhase;
			buildActionMask = 2147483647;
			files = (
				CE8343602A77FEF000A9E310 /* LuxOttica_startTests.swift in Sources */,
			);
			runOnlyForDeploymentPostprocessing = 0;
		};
		CE8343612A77FEF000A9E310 /* Sources */ = {
			isa = PBXSourcesBuildPhase;
			buildActionMask = 2147483647;
			files = (
				CE83436A2A77FEF000A9E310 /* LuxOttica_startUITests.swift in Sources */,
				CE83436C2A77FEF000A9E310 /* LuxOttica_startUITestsLaunchTests.swift in Sources */,
			);
			runOnlyForDeploymentPostprocessing = 0;
		};
/* End PBXSourcesBuildPhase section */

/* Begin PBXTargetDependency section */
		CE83435D2A77FEF000A9E310 /* PBXTargetDependency */ = {
			isa = PBXTargetDependency;
			target = CE8343492A77FEE900A9E310 /* LuxOttica_start */;
			targetProxy = CE83435C2A77FEF000A9E310 /* PBXContainerItemProxy */;
		};
		CE8343672A77FEF000A9E310 /* PBXTargetDependency */ = {
			isa = PBXTargetDependency;
			target = CE8343492A77FEE900A9E310 /* LuxOttica_start */;
			targetProxy = CE8343662A77FEF000A9E310 /* PBXContainerItemProxy */;
		};
/* End PBXTargetDependency section */

/* Begin XCBuildConfiguration section */
		CE83436D2A77FEF000A9E310 /* Debug */ = {
			isa = XCBuildConfiguration;
			buildSettings = {
				ALWAYS_SEARCH_USER_PATHS = NO;
				CLANG_ANALYZER_NONNULL = YES;
				CLANG_ANALYZER_NUMBER_OBJECT_CONVERSION = YES_AGGRESSIVE;
				CLANG_CXX_LANGUAGE_STANDARD = "gnu++20";
				CLANG_ENABLE_MODULES = YES;
				CLANG_ENABLE_OBJC_ARC = YES;
				CLANG_ENABLE_OBJC_WEAK = YES;
				CLANG_WARN_BLOCK_CAPTURE_AUTORELEASING = YES;
				CLANG_WARN_BOOL_CONVERSION = YES;
				CLANG_WARN_COMMA = YES;
				CLANG_WARN_CONSTANT_CONVERSION = YES;
				CLANG_WARN_DEPRECATED_OBJC_IMPLEMENTATIONS = YES;
				CLANG_WARN_DIRECT_OBJC_ISA_USAGE = YES_ERROR;
				CLANG_WARN_DOCUMENTATION_COMMENTS = YES;
				CLANG_WARN_EMPTY_BODY = YES;
				CLANG_WARN_ENUM_CONVERSION = YES;
				CLANG_WARN_INFINITE_RECURSION = YES;
				CLANG_WARN_INT_CONVERSION = YES;
				CLANG_WARN_NON_LITERAL_NULL_CONVERSION = YES;
				CLANG_WARN_OBJC_IMPLICIT_RETAIN_SELF = YES;
				CLANG_WARN_OBJC_LITERAL_CONVERSION = YES;
				CLANG_WARN_OBJC_ROOT_CLASS = YES_ERROR;
				CLANG_WARN_QUOTED_INCLUDE_IN_FRAMEWORK_HEADER = YES;
				CLANG_WARN_RANGE_LOOP_ANALYSIS = YES;
				CLANG_WARN_STRICT_PROTOTYPES = YES;
				CLANG_WARN_SUSPICIOUS_MOVE = YES;
				CLANG_WARN_UNGUARDED_AVAILABILITY = YES_AGGRESSIVE;
				CLANG_WARN_UNREACHABLE_CODE = YES;
				CLANG_WARN__DUPLICATE_METHOD_MATCH = YES;
				COPY_PHASE_STRIP = NO;
				DEBUG_INFORMATION_FORMAT = dwarf;
				ENABLE_STRICT_OBJC_MSGSEND = YES;
				ENABLE_TESTABILITY = YES;
				GCC_C_LANGUAGE_STANDARD = gnu11;
				GCC_DYNAMIC_NO_PIC = NO;
				GCC_NO_COMMON_BLOCKS = YES;
				GCC_OPTIMIZATION_LEVEL = 0;
				GCC_PREPROCESSOR_DEFINITIONS = (
					"DEBUG=1",
					"$(inherited)",
				);
				GCC_WARN_64_TO_32_BIT_CONVERSION = YES;
				GCC_WARN_ABOUT_RETURN_TYPE = YES_ERROR;
				GCC_WARN_UNDECLARED_SELECTOR = YES;
				GCC_WARN_UNINITIALIZED_AUTOS = YES_AGGRESSIVE;
				GCC_WARN_UNUSED_FUNCTION = YES;
				GCC_WARN_UNUSED_VARIABLE = YES;
				MTL_ENABLE_DEBUG_INFO = INCLUDE_SOURCE;
				MTL_FAST_MATH = YES;
				ONLY_ACTIVE_ARCH = YES;
				SWIFT_ACTIVE_COMPILATION_CONDITIONS = DEBUG;
				SWIFT_OPTIMIZATION_LEVEL = "-Onone";
			};
			name = Debug;
		};
		CE83436E2A77FEF000A9E310 /* Release */ = {
			isa = XCBuildConfiguration;
			buildSettings = {
				ALWAYS_SEARCH_USER_PATHS = NO;
				CLANG_ANALYZER_NONNULL = YES;
				CLANG_ANALYZER_NUMBER_OBJECT_CONVERSION = YES_AGGRESSIVE;
				CLANG_CXX_LANGUAGE_STANDARD = "gnu++20";
				CLANG_ENABLE_MODULES = YES;
				CLANG_ENABLE_OBJC_ARC = YES;
				CLANG_ENABLE_OBJC_WEAK = YES;
				CLANG_WARN_BLOCK_CAPTURE_AUTORELEASING = YES;
				CLANG_WARN_BOOL_CONVERSION = YES;
				CLANG_WARN_COMMA = YES;
				CLANG_WARN_CONSTANT_CONVERSION = YES;
				CLANG_WARN_DEPRECATED_OBJC_IMPLEMENTATIONS = YES;
				CLANG_WARN_DIRECT_OBJC_ISA_USAGE = YES_ERROR;
				CLANG_WARN_DOCUMENTATION_COMMENTS = YES;
				CLANG_WARN_EMPTY_BODY = YES;
				CLANG_WARN_ENUM_CONVERSION = YES;
				CLANG_WARN_INFINITE_RECURSION = YES;
				CLANG_WARN_INT_CONVERSION = YES;
				CLANG_WARN_NON_LITERAL_NULL_CONVERSION = YES;
				CLANG_WARN_OBJC_IMPLICIT_RETAIN_SELF = YES;
				CLANG_WARN_OBJC_LITERAL_CONVERSION = YES;
				CLANG_WARN_OBJC_ROOT_CLASS = YES_ERROR;
				CLANG_WARN_QUOTED_INCLUDE_IN_FRAMEWORK_HEADER = YES;
				CLANG_WARN_RANGE_LOOP_ANALYSIS = YES;
				CLANG_WARN_STRICT_PROTOTYPES = YES;
				CLANG_WARN_SUSPICIOUS_MOVE = YES;
				CLANG_WARN_UNGUARDED_AVAILABILITY = YES_AGGRESSIVE;
				CLANG_WARN_UNREACHABLE_CODE = YES;
				CLANG_WARN__DUPLICATE_METHOD_MATCH = YES;
				COPY_PHASE_STRIP = NO;
				DEBUG_INFORMATION_FORMAT = "dwarf-with-dsym";
				ENABLE_NS_ASSERTIONS = NO;
				ENABLE_STRICT_OBJC_MSGSEND = YES;
				GCC_C_LANGUAGE_STANDARD = gnu11;
				GCC_NO_COMMON_BLOCKS = YES;
				GCC_WARN_64_TO_32_BIT_CONVERSION = YES;
				GCC_WARN_ABOUT_RETURN_TYPE = YES_ERROR;
				GCC_WARN_UNDECLARED_SELECTOR = YES;
				GCC_WARN_UNINITIALIZED_AUTOS = YES_AGGRESSIVE;
				GCC_WARN_UNUSED_FUNCTION = YES;
				GCC_WARN_UNUSED_VARIABLE = YES;
				MTL_ENABLE_DEBUG_INFO = NO;
				MTL_FAST_MATH = YES;
				SWIFT_COMPILATION_MODE = wholemodule;
				SWIFT_OPTIMIZATION_LEVEL = "-O";
			};
			name = Release;
		};
		CE8343702A77FEF000A9E310 /* Debug */ = {
			isa = XCBuildConfiguration;
			buildSettings = {
				ASSETCATALOG_COMPILER_APPICON_NAME = AppIcon;
				ASSETCATALOG_COMPILER_GLOBAL_ACCENT_COLOR_NAME = AccentColor;
				CODE_SIGN_ENTITLEMENTS = LuxOttica_start/LuxOttica_start.entitlements;
				CODE_SIGN_STYLE = Automatic;
				CURRENT_PROJECT_VERSION = 1;
				DEVELOPMENT_ASSET_PATHS = "\"LuxOttica_start/Preview Content\"";
				ENABLE_PREVIEWS = YES;
				GENERATE_INFOPLIST_FILE = YES;
				"INFOPLIST_KEY_UIApplicationSceneManifest_Generation[sdk=iphoneos*]" = YES;
				"INFOPLIST_KEY_UIApplicationSceneManifest_Generation[sdk=iphonesimulator*]" = YES;
				"INFOPLIST_KEY_UIApplicationSupportsIndirectInputEvents[sdk=iphoneos*]" = YES;
				"INFOPLIST_KEY_UIApplicationSupportsIndirectInputEvents[sdk=iphonesimulator*]" = YES;
				"INFOPLIST_KEY_UILaunchScreen_Generation[sdk=iphoneos*]" = YES;
				"INFOPLIST_KEY_UILaunchScreen_Generation[sdk=iphonesimulator*]" = YES;
				"INFOPLIST_KEY_UIStatusBarStyle[sdk=iphoneos*]" = UIStatusBarStyleDefault;
				"INFOPLIST_KEY_UIStatusBarStyle[sdk=iphonesimulator*]" = UIStatusBarStyleDefault;
				INFOPLIST_KEY_UISupportedInterfaceOrientations_iPad = "UIInterfaceOrientationPortrait UIInterfaceOrientationPortraitUpsideDown UIInterfaceOrientationLandscapeLeft UIInterfaceOrientationLandscapeRight";
				INFOPLIST_KEY_UISupportedInterfaceOrientations_iPhone = "UIInterfaceOrientationPortrait UIInterfaceOrientationLandscapeLeft UIInterfaceOrientationLandscapeRight";
				IPHONEOS_DEPLOYMENT_TARGET = 16.4;
				LD_RUNPATH_SEARCH_PATHS = "@executable_path/Frameworks";
				"LD_RUNPATH_SEARCH_PATHS[sdk=macosx*]" = "@executable_path/../Frameworks";
				MACOSX_DEPLOYMENT_TARGET = 13.3;
				MARKETING_VERSION = 1.0;
				PRODUCT_BUNDLE_IDENTIFIER = "com.spxgio.prova.LuxOttica-start";
				PRODUCT_NAME = "$(TARGET_NAME)";
				SDKROOT = auto;
				SUPPORTED_PLATFORMS = "iphoneos iphonesimulator macosx";
				SWIFT_EMIT_LOC_STRINGS = YES;
				SWIFT_VERSION = 5.0;
				TARGETED_DEVICE_FAMILY = "1,2";
			};
			name = Debug;
		};
		CE8343712A77FEF000A9E310 /* Release */ = {
			isa = XCBuildConfiguration;
			buildSettings = {
				ASSETCATALOG_COMPILER_APPICON_NAME = AppIcon;
				ASSETCATALOG_COMPILER_GLOBAL_ACCENT_COLOR_NAME = AccentColor;
				CODE_SIGN_ENTITLEMENTS = LuxOttica_start/LuxOttica_start.entitlements;
				CODE_SIGN_STYLE = Automatic;
				CURRENT_PROJECT_VERSION = 1;
				DEVELOPMENT_ASSET_PATHS = "\"LuxOttica_start/Preview Content\"";
				ENABLE_PREVIEWS = YES;
				GENERATE_INFOPLIST_FILE = YES;
				"INFOPLIST_KEY_UIApplicationSceneManifest_Generation[sdk=iphoneos*]" = YES;
				"INFOPLIST_KEY_UIApplicationSceneManifest_Generation[sdk=iphonesimulator*]" = YES;
				"INFOPLIST_KEY_UIApplicationSupportsIndirectInputEvents[sdk=iphoneos*]" = YES;
				"INFOPLIST_KEY_UIApplicationSupportsIndirectInputEvents[sdk=iphonesimulator*]" = YES;
				"INFOPLIST_KEY_UILaunchScreen_Generation[sdk=iphoneos*]" = YES;
				"INFOPLIST_KEY_UILaunchScreen_Generation[sdk=iphonesimulator*]" = YES;
				"INFOPLIST_KEY_UIStatusBarStyle[sdk=iphoneos*]" = UIStatusBarStyleDefault;
				"INFOPLIST_KEY_UIStatusBarStyle[sdk=iphonesimulator*]" = UIStatusBarStyleDefault;
				INFOPLIST_KEY_UISupportedInterfaceOrientations_iPad = "UIInterfaceOrientationPortrait UIInterfaceOrientationPortraitUpsideDown UIInterfaceOrientationLandscapeLeft UIInterfaceOrientationLandscapeRight";
				INFOPLIST_KEY_UISupportedInterfaceOrientations_iPhone = "UIInterfaceOrientationPortrait UIInterfaceOrientationLandscapeLeft UIInterfaceOrientationLandscapeRight";
				IPHONEOS_DEPLOYMENT_TARGET = 16.4;
				LD_RUNPATH_SEARCH_PATHS = "@executable_path/Frameworks";
				"LD_RUNPATH_SEARCH_PATHS[sdk=macosx*]" = "@executable_path/../Frameworks";
				MACOSX_DEPLOYMENT_TARGET = 13.3;
				MARKETING_VERSION = 1.0;
				PRODUCT_BUNDLE_IDENTIFIER = "com.spxgio.prova.LuxOttica-start";
				PRODUCT_NAME = "$(TARGET_NAME)";
				SDKROOT = auto;
				SUPPORTED_PLATFORMS = "iphoneos iphonesimulator macosx";
				SWIFT_EMIT_LOC_STRINGS = YES;
				SWIFT_VERSION = 5.0;
				TARGETED_DEVICE_FAMILY = "1,2";
			};
			name = Release;
		};
		CE8343732A77FEF000A9E310 /* Debug */ = {
			isa = XCBuildConfiguration;
			buildSettings = {
				ALWAYS_EMBED_SWIFT_STANDARD_LIBRARIES = YES;
				BUNDLE_LOADER = "$(TEST_HOST)";
				CODE_SIGN_STYLE = Automatic;
				CURRENT_PROJECT_VERSION = 1;
				GENERATE_INFOPLIST_FILE = YES;
				IPHONEOS_DEPLOYMENT_TARGET = 16.4;
				MACOSX_DEPLOYMENT_TARGET = 13.3;
				MARKETING_VERSION = 1.0;
				PRODUCT_BUNDLE_IDENTIFIER = "com.spxgio.prova.LuxOttica-startTests";
				PRODUCT_NAME = "$(TARGET_NAME)";
				SDKROOT = auto;
				SUPPORTED_PLATFORMS = "iphoneos iphonesimulator macosx";
				SWIFT_EMIT_LOC_STRINGS = NO;
				SWIFT_VERSION = 5.0;
				TARGETED_DEVICE_FAMILY = "1,2";
				TEST_HOST = "$(BUILT_PRODUCTS_DIR)/LuxOttica_start.app/$(BUNDLE_EXECUTABLE_FOLDER_PATH)/LuxOttica_start";
			};
			name = Debug;
		};
		CE8343742A77FEF000A9E310 /* Release */ = {
			isa = XCBuildConfiguration;
			buildSettings = {
				ALWAYS_EMBED_SWIFT_STANDARD_LIBRARIES = YES;
				BUNDLE_LOADER = "$(TEST_HOST)";
				CODE_SIGN_STYLE = Automatic;
				CURRENT_PROJECT_VERSION = 1;
				GENERATE_INFOPLIST_FILE = YES;
				IPHONEOS_DEPLOYMENT_TARGET = 16.4;
				MACOSX_DEPLOYMENT_TARGET = 13.3;
				MARKETING_VERSION = 1.0;
				PRODUCT_BUNDLE_IDENTIFIER = "com.spxgio.prova.LuxOttica-startTests";
				PRODUCT_NAME = "$(TARGET_NAME)";
				SDKROOT = auto;
				SUPPORTED_PLATFORMS = "iphoneos iphonesimulator macosx";
				SWIFT_EMIT_LOC_STRINGS = NO;
				SWIFT_VERSION = 5.0;
				TARGETED_DEVICE_FAMILY = "1,2";
				TEST_HOST = "$(BUILT_PRODUCTS_DIR)/LuxOttica_start.app/$(BUNDLE_EXECUTABLE_FOLDER_PATH)/LuxOttica_start";
			};
			name = Release;
		};
		CE8343762A77FEF000A9E310 /* Debug */ = {
			isa = XCBuildConfiguration;
			buildSettings = {
				ALWAYS_EMBED_SWIFT_STANDARD_LIBRARIES = YES;
				CODE_SIGN_STYLE = Automatic;
				CURRENT_PROJECT_VERSION = 1;
				GENERATE_INFOPLIST_FILE = YES;
				IPHONEOS_DEPLOYMENT_TARGET = 16.4;
				MACOSX_DEPLOYMENT_TARGET = 13.3;
				MARKETING_VERSION = 1.0;
				PRODUCT_BUNDLE_IDENTIFIER = "com.spxgio.prova.LuxOttica-startUITests";
				PRODUCT_NAME = "$(TARGET_NAME)";
				SDKROOT = auto;
				SUPPORTED_PLATFORMS = "iphoneos iphonesimulator macosx";
				SWIFT_EMIT_LOC_STRINGS = NO;
				SWIFT_VERSION = 5.0;
				TARGETED_DEVICE_FAMILY = "1,2";
				TEST_TARGET_NAME = LuxOttica_start;
			};
			name = Debug;
		};
		CE8343772A77FEF000A9E310 /* Release */ = {
			isa = XCBuildConfiguration;
			buildSettings = {
				ALWAYS_EMBED_SWIFT_STANDARD_LIBRARIES = YES;
				CODE_SIGN_STYLE = Automatic;
				CURRENT_PROJECT_VERSION = 1;
				GENERATE_INFOPLIST_FILE = YES;
				IPHONEOS_DEPLOYMENT_TARGET = 16.4;
				MACOSX_DEPLOYMENT_TARGET = 13.3;
				MARKETING_VERSION = 1.0;
				PRODUCT_BUNDLE_IDENTIFIER = "com.spxgio.prova.LuxOttica-startUITests";
				PRODUCT_NAME = "$(TARGET_NAME)";
				SDKROOT = auto;
				SUPPORTED_PLATFORMS = "iphoneos iphonesimulator macosx";
				SWIFT_EMIT_LOC_STRINGS = NO;
				SWIFT_VERSION = 5.0;
				TARGETED_DEVICE_FAMILY = "1,2";
				TEST_TARGET_NAME = LuxOttica_start;
			};
			name = Release;
		};
/* End XCBuildConfiguration section */

/* Begin XCConfigurationList section */
		CE8343452A77FEE900A9E310 /* Build configuration list for PBXProject "LuxOttica_start" */ = {
			isa = XCConfigurationList;
			buildConfigurations = (
				CE83436D2A77FEF000A9E310 /* Debug */,
				CE83436E2A77FEF000A9E310 /* Release */,
			);
			defaultConfigurationIsVisible = 0;
			defaultConfigurationName = Release;
		};
		CE83436F2A77FEF000A9E310 /* Build configuration list for PBXNativeTarget "LuxOttica_start" */ = {
			isa = XCConfigurationList;
			buildConfigurations = (
				CE8343702A77FEF000A9E310 /* Debug */,
				CE8343712A77FEF000A9E310 /* Release */,
			);
			defaultConfigurationIsVisible = 0;
			defaultConfigurationName = Release;
		};
		CE8343722A77FEF000A9E310 /* Build configuration list for PBXNativeTarget "LuxOttica_startTests" */ = {
			isa = XCConfigurationList;
			buildConfigurations = (
				CE8343732A77FEF000A9E310 /* Debug */,
				CE8343742A77FEF000A9E310 /* Release */,
			);
			defaultConfigurationIsVisible = 0;
			defaultConfigurationName = Release;
		};
		CE8343752A77FEF000A9E310 /* Build configuration list for PBXNativeTarget "LuxOttica_startUITests" */ = {
			isa = XCConfigurationList;
			buildConfigurations = (
				CE8343762A77FEF000A9E310 /* Debug */,
				CE8343772A77FEF000A9E310 /* Release */,
			);
			defaultConfigurationIsVisible = 0;
			defaultConfigurationName = Release;
		};
/* End XCConfigurationList section */
	};
	rootObject = CE8343422A77FEE900A9E310 /* Project object */;
}
